PODS:
  - CryptoSwift (0.10.0)
  - wibmoPay (0.1.5):
    - CryptoSwift

DEPENDENCIES:
  - wibmoPay

SPEC REPOS:
  https://github.com/cocoapods/specs.git:
    - CryptoSwift
    - wibmoPay

SPEC CHECKSUMS:
  CryptoSwift: 6c778d69282bed3b4e975ff97a79d074f20bb011
  wibmoPay: df927b8c923f08a44d0b79e6832f101e7b77639e

PODFILE CHECKSUM: 48ba592e21044b82a8e34aafe029cbf407b44bf6

COCOAPODS: 1.5.2
